
Microsoft Visual Studio Solution File, Format Version 12.00
# Visual Studio 14
VisualStudioVersion = 14.0.25420.1
MinimumVisualStudioVersion = 10.0.40219.1
Project("{2150E333-8FDC-42A3-9474-1A3956D46DE8}") = "src", "src", "{1C834D9C-0659-4246-AC4A-90C89BA01966}"
EndProject
Project("{2150E333-8FDC-42A3-9474-1A3956D46DE8}") = "docs", "docs", "{A872E117-B0D8-485A-91C9-9C5880B336E4}"
EndProject
Project("{2150E333-8FDC-42A3-9474-1A3956D46DE8}") = "test", "test", "{83F298B8-E9CD-4132-BB34-AB7439764D7A}"
EndProject
Project("{8BB2217D-0F2D-49D1-97BC-3654ED321F3B}") = "Mp.Sh.Core.License", "src\Mp.Sh.Core.License\Mp.Sh.Core.License.xproj", "{028696DE-C661-44D4-8773-88EB3D7B8D50}"
EndProject
Project("{8BB2217D-0F2D-49D1-97BC-3654ED321F3B}") = "Mp.Sh.Core.Front", "src\Mp.Sh.Core.Front\Mp.Sh.Core.Front.xproj", "{F45278CB-563C-4EC2-ADDF-5CF694CA7D22}"
EndProject
Project("{8BB2217D-0F2D-49D1-97BC-3654ED321F3B}") = "Mp.Sh.Core.OData", "src\Mp.Sh.Core.OData\Mp.Sh.Core.OData.xproj", "{7FE25A88-D7DB-4BA0-957B-CA28177E742C}"
EndProject
Project("{8BB2217D-0F2D-49D1-97BC-3654ED321F3B}") = "Mp.Sh.Core.License.Fixtures", "test\Mp.Sh.Core.License.Fixtures\Mp.Sh.Core.License.Fixtures.xproj", "{D40C5660-BE2E-4971-AAEF-768E26D8BE90}"
EndProject
Project("{8BB2217D-0F2D-49D1-97BC-3654ED321F3B}") = "Mp.Sh.Core.OData.Fixtures", "test\Mp.Sh.Core.OData.Fixtures\Mp.Sh.Core.OData.Fixtures.xproj", "{7FBBD3BA-220B-4F0D-A3AE-4414A4A0632A}"
EndProject
Project("{2150E333-8FDC-42A3-9474-1A3956D46DE8}") = "Solution Items", "Solution Items", "{55C0D089-3A7E-43EA-9D88-2D4BC735657E}"
	ProjectSection(SolutionItems) = preProject
		global.json = global.json
		README.md = README.md
	EndProjectSection
EndProject
Project("{8BB2217D-0F2D-49D1-97BC-3654ED321F3B}") = "Mp.Sh.Core.AspNet", "src\Mp.Sh.Core.AspNet\Mp.Sh.Core.AspNet.xproj", "{D91DAAF6-179D-4F45-9964-F58962ABBF70}"
EndProject
Project("{8BB2217D-0F2D-49D1-97BC-3654ED321F3B}") = "Mp.Sh.Core.AspNet.Fixtures", "test\Mp.Sh.Core.AspNet.Fixtures\Mp.Sh.Core.AspNet.Fixtures.xproj", "{26517373-2A60-45BE-B162-3EBA1A757178}"
EndProject
Project("{8BB2217D-0F2D-49D1-97BC-3654ED321F3B}") = "Mp.Sh.Core.Fixtures", "src\Mp.Sh.Core.Fixtures\Mp.Sh.Core.Fixtures.xproj", "{72891A16-7E34-40E0-B4B3-813DD4D28B8D}"
EndProject
Global
	GlobalSection(SolutionConfigurationPlatforms) = preSolution
		Debug|Any CPU = Debug|Any CPU
		Release|Any CPU = Release|Any CPU
	EndGlobalSection
	GlobalSection(ProjectConfigurationPlatforms) = postSolution
		{028696DE-C661-44D4-8773-88EB3D7B8D50}.Debug|Any CPU.ActiveCfg = Debug|Any CPU
		{028696DE-C661-44D4-8773-88EB3D7B8D50}.Debug|Any CPU.Build.0 = Debug|Any CPU
		{028696DE-C661-44D4-8773-88EB3D7B8D50}.Release|Any CPU.ActiveCfg = Release|Any CPU
		{028696DE-C661-44D4-8773-88EB3D7B8D50}.Release|Any CPU.Build.0 = Release|Any CPU
		{F45278CB-563C-4EC2-ADDF-5CF694CA7D22}.Debug|Any CPU.ActiveCfg = Debug|Any CPU
		{F45278CB-563C-4EC2-ADDF-5CF694CA7D22}.Debug|Any CPU.Build.0 = Debug|Any CPU
		{F45278CB-563C-4EC2-ADDF-5CF694CA7D22}.Release|Any CPU.ActiveCfg = Release|Any CPU
		{F45278CB-563C-4EC2-ADDF-5CF694CA7D22}.Release|Any CPU.Build.0 = Release|Any CPU
		{7FE25A88-D7DB-4BA0-957B-CA28177E742C}.Debug|Any CPU.ActiveCfg = Debug|Any CPU
		{7FE25A88-D7DB-4BA0-957B-CA28177E742C}.Debug|Any CPU.Build.0 = Debug|Any CPU
		{7FE25A88-D7DB-4BA0-957B-CA28177E742C}.Release|Any CPU.ActiveCfg = Release|Any CPU
		{7FE25A88-D7DB-4BA0-957B-CA28177E742C}.Release|Any CPU.Build.0 = Release|Any CPU
		{D40C5660-BE2E-4971-AAEF-768E26D8BE90}.Debug|Any CPU.ActiveCfg = Debug|Any CPU
		{D40C5660-BE2E-4971-AAEF-768E26D8BE90}.Debug|Any CPU.Build.0 = Debug|Any CPU
		{D40C5660-BE2E-4971-AAEF-768E26D8BE90}.Release|Any CPU.ActiveCfg = Release|Any CPU
		{D40C5660-BE2E-4971-AAEF-768E26D8BE90}.Release|Any CPU.Build.0 = Release|Any CPU
		{7FBBD3BA-220B-4F0D-A3AE-4414A4A0632A}.Debug|Any CPU.ActiveCfg = Debug|Any CPU
		{7FBBD3BA-220B-4F0D-A3AE-4414A4A0632A}.Debug|Any CPU.Build.0 = Debug|Any CPU
		{7FBBD3BA-220B-4F0D-A3AE-4414A4A0632A}.Release|Any CPU.ActiveCfg = Release|Any CPU
		{7FBBD3BA-220B-4F0D-A3AE-4414A4A0632A}.Release|Any CPU.Build.0 = Release|Any CPU
		{D91DAAF6-179D-4F45-9964-F58962ABBF70}.Debug|Any CPU.ActiveCfg = Debug|Any CPU
		{D91DAAF6-179D-4F45-9964-F58962ABBF70}.Debug|Any CPU.Build.0 = Debug|Any CPU
		{D91DAAF6-179D-4F45-9964-F58962ABBF70}.Release|Any CPU.ActiveCfg = Release|Any CPU
		{D91DAAF6-179D-4F45-9964-F58962ABBF70}.Release|Any CPU.Build.0 = Release|Any CPU
		{26517373-2A60-45BE-B162-3EBA1A757178}.Debug|Any CPU.ActiveCfg = Debug|Any CPU
		{26517373-2A60-45BE-B162-3EBA1A757178}.Debug|Any CPU.Build.0 = Debug|Any CPU
		{26517373-2A60-45BE-B162-3EBA1A757178}.Release|Any CPU.ActiveCfg = Release|Any CPU
		{26517373-2A60-45BE-B162-3EBA1A757178}.Release|Any CPU.Build.0 = Release|Any CPU
		{72891A16-7E34-40E0-B4B3-813DD4D28B8D}.Debug|Any CPU.ActiveCfg = Debug|Any CPU
		{72891A16-7E34-40E0-B4B3-813DD4D28B8D}.Debug|Any CPU.Build.0 = Debug|Any CPU
		{72891A16-7E34-40E0-B4B3-813DD4D28B8D}.Release|Any CPU.ActiveCfg = Release|Any CPU
		{72891A16-7E34-40E0-B4B3-813DD4D28B8D}.Release|Any CPU.Build.0 = Release|Any CPU
	EndGlobalSection
	GlobalSection(SolutionProperties) = preSolution
		HideSolutionNode = FALSE
	EndGlobalSection
	GlobalSection(NestedProjects) = preSolution
		{028696DE-C661-44D4-8773-88EB3D7B8D50} = {1C834D9C-0659-4246-AC4A-90C89BA01966}
		{F45278CB-563C-4EC2-ADDF-5CF694CA7D22} = {1C834D9C-0659-4246-AC4A-90C89BA01966}
		{7FE25A88-D7DB-4BA0-957B-CA28177E742C} = {1C834D9C-0659-4246-AC4A-90C89BA01966}
		{D40C5660-BE2E-4971-AAEF-768E26D8BE90} = {83F298B8-E9CD-4132-BB34-AB7439764D7A}
		{7FBBD3BA-220B-4F0D-A3AE-4414A4A0632A} = {83F298B8-E9CD-4132-BB34-AB7439764D7A}
		{D91DAAF6-179D-4F45-9964-F58962ABBF70} = {1C834D9C-0659-4246-AC4A-90C89BA01966}
		{26517373-2A60-45BE-B162-3EBA1A757178} = {83F298B8-E9CD-4132-BB34-AB7439764D7A}
		{72891A16-7E34-40E0-B4B3-813DD4D28B8D} = {1C834D9C-0659-4246-AC4A-90C89BA01966}
	EndGlobalSection
EndGlobal
